{
  "name": "trabalho-final-redes",
  "lockfileVersion": 2,
  "requires": true,
  "packages": {
    "": {
      "dependencies": {
        "cli-box": "^6.0.10",
        "couleurs": "^6.0.11",
        "overlap": "^2.2.10"
      },
      "devDependencies": {
        "@types/node": "^18.11.5"
      }
    },
    "node_modules/@types/node": {
      "version": "18.11.5",
      "resolved": "https://registry.npmjs.org/@types/node/-/node-18.11.5.tgz",
      "integrity": "sha512-3JRwhbjI+cHLAkUorhf8RnqUbFXajvzX4q6fMn5JwkgtuwfYtRQYI3u4V92vI6NJuTsbBQWWh3RZjFsuevyMGQ==",
      "dev": true
    },
    "node_modules/ansi-parser": {
      "version": "3.2.10",
      "resolved": "https://registry.npmjs.org/ansi-parser/-/ansi-parser-3.2.10.tgz",
      "integrity": "sha512-CGKGIbd678lm15IXJXI1cTyOVAnMQw0jES+klW/yIc+GzYccsYanLMhczPIIj2hE64B79g75QfiuWrEWd6nJdg=="
    },
    "node_modules/ansi-styles": {
      "version": "3.2.1",
      "resolved": "https://registry.npmjs.org/ansi-styles/-/ansi-styles-3.2.1.tgz",
      "integrity": "sha512-VT0ZI6kZRdTh8YyJw3SMbYm/u+NqfsAxEpWO0Pf9sq8/e94WxxOpPKx9FR1FlyCtOVDNOQ+8ntlqFxiRc+r5qA==",
      "dependencies": {
        "color-convert": "^1.9.0"
      },
      "engines": {
        "node": ">=4"
      }
    },
    "node_modules/ansy": {
      "version": "1.0.15",
      "resolved": "https://registry.npmjs.org/ansy/-/ansy-1.0.15.tgz",
      "integrity": "sha512-mQyNSn58HN7aEthofkap0hn8jg7/5SJWrB0ypExgcECOwLppc0njH+QBA9X5VMiEN9SM0JlFZWJQGycxxInAqg==",
      "dependencies": {
        "ansi-styles": "^3.0.0",
        "custom-return": "^1.0.0",
        "supports-color": "^3.1.2",
        "ul": "^5.2.1"
      }
    },
    "node_modules/cli-box": {
      "version": "6.0.10",
      "resolved": "https://registry.npmjs.org/cli-box/-/cli-box-6.0.10.tgz",
      "integrity": "sha512-6jjSF6G1gOXaCyBQJKo3L3lZKxP8jzdECG7FBiA4m2w7K8jBxXXwsMb75fBLwoVwOtKwvgKjLJurw8HU5XNciw==",
      "dependencies": {
        "ansi-parser": "^3.2.1",
        "deffy": "^2.2.1",
        "is-undefined": "^1.0.0",
        "is-win": "^1.0.0",
        "ul": "^5.2.1"
      }
    },
    "node_modules/color-convert": {
      "version": "1.9.3",
      "resolved": "https://registry.npmjs.org/color-convert/-/color-convert-1.9.3.tgz",
      "integrity": "sha512-QfAUtd+vFdAtFQcC8CCyYt1fYWxSqAiK2cSD6zDB8N3cpsEBAvRxp9zOGg6G/SHHJYAT88/az/IuDGALsNVbGg==",
      "dependencies": {
        "color-name": "1.1.3"
      }
    },
    "node_modules/color-name": {
      "version": "1.1.3",
      "resolved": "https://registry.npmjs.org/color-name/-/color-name-1.1.3.tgz",
      "integrity": "sha512-72fSenhMw2HZMTVHeCA9KCmpEIbzWiQsjN+BHcBbS9vr1mtt+vJjPdksIBNUmKAW8TFUDPJK5SUU3QhE9NEXDw=="
    },
    "node_modules/couleurs": {
      "version": "6.0.11",
      "resolved": "https://registry.npmjs.org/couleurs/-/couleurs-6.0.11.tgz",
      "integrity": "sha512-y5WUDtgQKw/tVViZCj3ACX8VseU0ONxiet8SRsE89uH4s/otRLXGOMymfVbKMFzedKOdxQpTcYWukRwkvgRYdw==",
      "dependencies": {
        "ansy": "^1.0.0",
        "color-convert": "^1.0.0",
        "iterate-object": "^1.3.1",
        "typpy": "^2.3.1"
      }
    },
    "node_modules/custom-return": {
      "version": "1.0.12",
      "resolved": "https://registry.npmjs.org/custom-return/-/custom-return-1.0.12.tgz",
      "integrity": "sha512-Xy6IlEV6gW5Iu4YRoQe0A5RG1mzezawcTXzAk7u28oB2UilRfbbOc1C7RmWE6AJ1inSm8gghCkIpo0LUQfLbvw==",
      "dependencies": {
        "noop6": "^1.0.0"
      }
    },
    "node_modules/deffy": {
      "version": "2.2.4",
      "resolved": "https://registry.npmjs.org/deffy/-/deffy-2.2.4.tgz",
      "integrity": "sha512-pLc9lsbsWjr6RxmJ2OLyvm+9l4j1yK69h+TML/gUit/t3vTijpkNGh8LioaJYTGO7F25m6HZndADcUOo2PsiUg==",
      "dependencies": {
        "typpy": "^2.0.0"
      }
    },
    "node_modules/flat-colors": {
      "version": "3.0.0",
      "resolved": "https://registry.npmjs.org/flat-colors/-/flat-colors-3.0.0.tgz",
      "integrity": "sha512-UDm0W6LZOdQL0kfbHW1/hohk4bws+ypeww4SyKv5Kn0CIzWWn2blNLLv4nWFuVt5NFv6PHWQYzuHf0uWqiX56g=="
    },
    "node_modules/function.name": {
      "version": "1.0.13",
      "resolved": "https://registry.npmjs.org/function.name/-/function.name-1.0.13.tgz",
      "integrity": "sha512-mVrqdoy5npWZyoXl4DxCeuVF6delDcQjVS9aPdvLYlBxtMTZDR2B5GVEQEoM1jJyspCqg3C0v4ABkLE7tp9xFA==",
      "dependencies": {
        "noop6": "^1.0.1"
      }
    },
    "node_modules/has-flag": {
      "version": "1.0.0",
      "resolved": "https://registry.npmjs.org/has-flag/-/has-flag-1.0.0.tgz",
      "integrity": "sha512-DyYHfIYwAJmjAjSSPKANxI8bFY9YtFrgkAfinBojQ8YJTOuOuav64tMUJv584SES4xl74PmuaevIyaLESHdTAA==",
      "engines": {
        "node": ">=0.10.0"
      }
    },
    "node_modules/is-undefined": {
      "version": "1.0.11",
      "resolved": "https://registry.npmjs.org/is-undefined/-/is-undefined-1.0.11.tgz",
      "integrity": "sha512-gRwyH8IRpV73MDlVefPllIjxBjrP9YAB0YCLtxnROhRkedTSzzBJgfxTC6HgP2/dttawQHWNZe88MvXS9Hbn/g=="
    },
    "node_modules/is-win": {
      "version": "1.0.10",
      "resolved": "https://registry.npmjs.org/is-win/-/is-win-1.0.10.tgz",
      "integrity": "sha512-tJ9PPj5RW2RUaZ2lAIVRqQjMSynA44Ln89h+Ue+pOecoWIv6dLHvN6dtLxeCi/h5epPJPSVyuaNObLAMq62OEA=="
    },
    "node_modules/iterate-object": {
      "version": "1.3.4",
      "resolved": "https://registry.npmjs.org/iterate-object/-/iterate-object-1.3.4.tgz",
      "integrity": "sha512-4dG1D1x/7g8PwHS9aK6QV5V94+ZvyP4+d19qDv43EzImmrndysIl4prmJ1hWWIGCqrZHyaHBm6BSEWHOLnpoNw=="
    },
    "node_modules/noop6": {
      "version": "1.0.9",
      "resolved": "https://registry.npmjs.org/noop6/-/noop6-1.0.9.tgz",
      "integrity": "sha512-DB3Hwyd89dPr5HqEPg3YHjzvwh/mCqizC1zZ8vyofqc+TQRyPDnT4wgXXbLGF4z9YAzwwTLi8pNLhGqcbSjgkA=="
    },
    "node_modules/overlap": {
      "version": "2.2.10",
      "resolved": "https://registry.npmjs.org/overlap/-/overlap-2.2.10.tgz",
      "integrity": "sha512-LtHwP1Xny/vEmLo+5sHFYUu9xbOIlOwmy6wsMWPojsYtjDLgjtfLbWV6HTwgEx6FKryK7gPW9S2EmUDI9wjBQQ==",
      "dependencies": {
        "ansi-parser": "3.0.0",
        "cli-box": "5.0.0",
        "couleurs": "5.0.0"
      }
    },
    "node_modules/overlap/node_modules/ansi-parser": {
      "version": "3.0.0",
      "resolved": "https://registry.npmjs.org/ansi-parser/-/ansi-parser-3.0.0.tgz",
      "integrity": "sha512-edNYJqqmeQJ+N7YV6gWQ4xAumqctsOchnNVDZEHsMSVZcytGLwq9SbGDwm9Jg+XpPNdl6zSGgujFRqiu1PmFYg=="
    },
    "node_modules/overlap/node_modules/cli-box": {
      "version": "5.0.0",
      "resolved": "https://registry.npmjs.org/cli-box/-/cli-box-5.0.0.tgz",
      "integrity": "sha512-1ukDhxQ1nSgfupVOH2v6+meRlKLHjTaSdCPTFjUOtAjQvFsDEWeW08gySk8o5dr+biPosooNmfle28ighmTEPA==",
      "dependencies": {
        "ansi-parser": "3.0.0",
        "ul": "5.0.0"
      }
    },
    "node_modules/overlap/node_modules/couleurs": {
      "version": "5.0.0",
      "resolved": "https://registry.npmjs.org/couleurs/-/couleurs-5.0.0.tgz",
      "integrity": "sha512-B+loDDlwPNwI27lC2WLJX9EqDhYV97nkUq4in2mJVco3P53hDztcIu3kUhrqS4+eb6w7dL9WcXADkn7V2DQFOw==",
      "dependencies": {
        "flat-colors": "3.0.0",
        "typpy": "2.0.0",
        "x256": "0.0.2"
      }
    },
    "node_modules/overlap/node_modules/deffy": {
      "version": "2.0.0",
      "resolved": "https://registry.npmjs.org/deffy/-/deffy-2.0.0.tgz",
      "integrity": "sha512-Gcn10MX982lqx8XmJES2JvN8Im7h0lFwRanyQfkQG2wXko4SouD0pSGUlK6Do165Itfidhpssn6NqlRkKp/4ig==",
      "dependencies": {
        "typpy": "^2.0.0"
      }
    },
    "node_modules/overlap/node_modules/typpy": {
      "version": "2.0.0",
      "resolved": "https://registry.npmjs.org/typpy/-/typpy-2.0.0.tgz",
      "integrity": "sha512-IucehPujjCCGqmRNLfJwwDXRDleVfnt/dKMQhQWJv8q62dXb6TuJs3zscdtq1agk+po5E+WweZ9RS0VMuaXXfg=="
    },
    "node_modules/overlap/node_modules/ul": {
      "version": "5.0.0",
      "resolved": "https://registry.npmjs.org/ul/-/ul-5.0.0.tgz",
      "integrity": "sha512-/wMRf3ZchW/MHV8M0fWhxhUTeJAOgrxt6u/9snab4xuMTkCuHo7TH7nyMZxrsjNobAFC8UhCNwlwVVQdVbcf1w==",
      "dependencies": {
        "deffy": "2.0.0",
        "typpy": "2.0.0"
      }
    },
    "node_modules/supports-color": {
      "version": "3.2.3",
      "resolved": "https://registry.npmjs.org/supports-color/-/supports-color-3.2.3.tgz",
      "integrity": "sha512-Jds2VIYDrlp5ui7t8abHN2bjAu4LV/q4N2KivFPpGH0lrka0BMq/33AmECUXlKPcHigkNaqfXRENFju+rlcy+A==",
      "dependencies": {
        "has-flag": "^1.0.0"
      },
      "engines": {
        "node": ">=0.8.0"
      }
    },
    "node_modules/typpy": {
      "version": "2.3.13",
      "resolved": "https://registry.npmjs.org/typpy/-/typpy-2.3.13.tgz",
      "integrity": "sha512-vOxIcQz9sxHi+rT09SJ5aDgVgrPppQjwnnayTrMye1ODaU8gIZTDM19t9TxmEElbMihx2Nq/0/b/MtyKfayRqA==",
      "dependencies": {
        "function.name": "^1.0.3"
      }
    },
    "node_modules/ul": {
      "version": "5.2.15",
      "resolved": "https://registry.npmjs.org/ul/-/ul-5.2.15.tgz",
      "integrity": "sha512-svLEUy8xSCip5IWnsRa0UOg+2zP0Wsj4qlbjTmX6GJSmvKMHADBuHOm1dpNkWqWPIGuVSqzUkV3Cris5JrlTRQ==",
      "dependencies": {
        "deffy": "^2.2.2",
        "typpy": "^2.3.4"
      }
    },
    "node_modules/x256": {
      "version": "0.0.2",
      "resolved": "https://registry.npmjs.org/x256/-/x256-0.0.2.tgz",
      "integrity": "sha512-ZsIH+sheoF8YG9YG+QKEEIdtqpHRA9FYuD7MqhfyB1kayXU43RUNBFSxBEnF8ywSUxdg+8no4+bPr5qLbyxKgA==",
      "engines": {
        "node": ">=0.4.0"
      }
    }
  },
  "dependencies": {
    "@types/node": {
      "version": "18.11.5",
      "resolved": "https://registry.npmjs.org/@types/node/-/node-18.11.5.tgz",
      "integrity": "sha512-3JRwhbjI+cHLAkUorhf8RnqUbFXajvzX4q6fMn5JwkgtuwfYtRQYI3u4V92vI6NJuTsbBQWWh3RZjFsuevyMGQ==",
      "dev": true
    },
    "ansi-parser": {
      "version": "3.2.10",
      "resolved": "https://registry.npmjs.org/ansi-parser/-/ansi-parser-3.2.10.tgz",
      "integrity": "sha512-CGKGIbd678lm15IXJXI1cTyOVAnMQw0jES+klW/yIc+GzYccsYanLMhczPIIj2hE64B79g75QfiuWrEWd6nJdg=="
    },
    "ansi-styles": {
      "version": "3.2.1",
      "resolved": "https://registry.npmjs.org/ansi-styles/-/ansi-styles-3.2.1.tgz",
      "integrity": "sha512-VT0ZI6kZRdTh8YyJw3SMbYm/u+NqfsAxEpWO0Pf9sq8/e94WxxOpPKx9FR1FlyCtOVDNOQ+8ntlqFxiRc+r5qA==",
      "requires": {
        "color-convert": "^1.9.0"
      }
    },
    "ansy": {
      "version": "1.0.15",
      "resolved": "https://registry.npmjs.org/ansy/-/ansy-1.0.15.tgz",
      "integrity": "sha512-mQyNSn58HN7aEthofkap0hn8jg7/5SJWrB0ypExgcECOwLppc0njH+QBA9X5VMiEN9SM0JlFZWJQGycxxInAqg==",
      "requires": {
        "ansi-styles": "^3.0.0",
        "custom-return": "^1.0.0",
        "supports-color": "^3.1.2",
        "ul": "^5.2.1"
      }
    },
    "cli-box": {
      "version": "6.0.10",
      "resolved": "https://registry.npmjs.org/cli-box/-/cli-box-6.0.10.tgz",
      "integrity": "sha512-6jjSF6G1gOXaCyBQJKo3L3lZKxP8jzdECG7FBiA4m2w7K8jBxXXwsMb75fBLwoVwOtKwvgKjLJurw8HU5XNciw==",
      "requires": {
        "ansi-parser": "^3.2.1",
        "deffy": "^2.2.1",
        "is-undefined": "^1.0.0",
        "is-win": "^1.0.0",
        "ul": "^5.2.1"
      }
    },
    "color-convert": {
      "version": "1.9.3",
      "resolved": "https://registry.npmjs.org/color-convert/-/color-convert-1.9.3.tgz",
      "integrity": "sha512-QfAUtd+vFdAtFQcC8CCyYt1fYWxSqAiK2cSD6zDB8N3cpsEBAvRxp9zOGg6G/SHHJYAT88/az/IuDGALsNVbGg==",
      "requires": {
        "color-name": "1.1.3"
      }
    },
    "color-name": {
      "version": "1.1.3",
      "resolved": "https://registry.npmjs.org/color-name/-/color-name-1.1.3.tgz",
      "integrity": "sha512-72fSenhMw2HZMTVHeCA9KCmpEIbzWiQsjN+BHcBbS9vr1mtt+vJjPdksIBNUmKAW8TFUDPJK5SUU3QhE9NEXDw=="
    },
    "couleurs": {
      "version": "6.0.11",
      "resolved": "https://registry.npmjs.org/couleurs/-/couleurs-6.0.11.tgz",
      "integrity": "sha512-y5WUDtgQKw/tVViZCj3ACX8VseU0ONxiet8SRsE89uH4s/otRLXGOMymfVbKMFzedKOdxQpTcYWukRwkvgRYdw==",
      "requires": {
        "ansy": "^1.0.0",
        "color-convert": "^1.0.0",
        "iterate-object": "^1.3.1",
        "typpy": "^2.3.1"
      }
    },
    "custom-return": {
      "version": "1.0.12",
      "resolved": "https://registry.npmjs.org/custom-return/-/custom-return-1.0.12.tgz",
      "integrity": "sha512-Xy6IlEV6gW5Iu4YRoQe0A5RG1mzezawcTXzAk7u28oB2UilRfbbOc1C7RmWE6AJ1inSm8gghCkIpo0LUQfLbvw==",
      "requires": {
        "noop6": "^1.0.0"
      }
    },
    "deffy": {
      "version": "2.2.4",
      "resolved": "https://registry.npmjs.org/deffy/-/deffy-2.2.4.tgz",
      "integrity": "sha512-pLc9lsbsWjr6RxmJ2OLyvm+9l4j1yK69h+TML/gUit/t3vTijpkNGh8LioaJYTGO7F25m6HZndADcUOo2PsiUg==",
      "requires": {
        "typpy": "^2.0.0"
      }
    },
    "flat-colors": {
      "version": "3.0.0",
      "resolved": "https://registry.npmjs.org/flat-colors/-/flat-colors-3.0.0.tgz",
      "integrity": "sha512-UDm0W6LZOdQL0kfbHW1/hohk4bws+ypeww4SyKv5Kn0CIzWWn2blNLLv4nWFuVt5NFv6PHWQYzuHf0uWqiX56g=="
    },
    "function.name": {
      "version": "1.0.13",
      "resolved": "https://registry.npmjs.org/function.name/-/function.name-1.0.13.tgz",
      "integrity": "sha512-mVrqdoy5npWZyoXl4DxCeuVF6delDcQjVS9aPdvLYlBxtMTZDR2B5GVEQEoM1jJyspCqg3C0v4ABkLE7tp9xFA==",
      "requires": {
        "noop6": "^1.0.1"
      }
    },
    "has-flag": {
      "version": "1.0.0",
      "resolved": "https://registry.npmjs.org/has-flag/-/has-flag-1.0.0.tgz",
      "integrity": "sha512-DyYHfIYwAJmjAjSSPKANxI8bFY9YtFrgkAfinBojQ8YJTOuOuav64tMUJv584SES4xl74PmuaevIyaLESHdTAA=="
    },
    "is-undefined": {
      "version": "1.0.11",
      "resolved": "https://registry.npmjs.org/is-undefined/-/is-undefined-1.0.11.tgz",
      "integrity": "sha512-gRwyH8IRpV73MDlVefPllIjxBjrP9YAB0YCLtxnROhRkedTSzzBJgfxTC6HgP2/dttawQHWNZe88MvXS9Hbn/g=="
    },
    "is-win": {
      "version": "1.0.10",
      "resolved": "https://registry.npmjs.org/is-win/-/is-win-1.0.10.tgz",
      "integrity": "sha512-tJ9PPj5RW2RUaZ2lAIVRqQjMSynA44Ln89h+Ue+pOecoWIv6dLHvN6dtLxeCi/h5epPJPSVyuaNObLAMq62OEA=="
    },
    "iterate-object": {
      "version": "1.3.4",
      "resolved": "https://registry.npmjs.org/iterate-object/-/iterate-object-1.3.4.tgz",
      "integrity": "sha512-4dG1D1x/7g8PwHS9aK6QV5V94+ZvyP4+d19qDv43EzImmrndysIl4prmJ1hWWIGCqrZHyaHBm6BSEWHOLnpoNw=="
    },
    "noop6": {
      "version": "1.0.9",
      "resolved": "https://registry.npmjs.org/noop6/-/noop6-1.0.9.tgz",
      "integrity": "sha512-DB3Hwyd89dPr5HqEPg3YHjzvwh/mCqizC1zZ8vyofqc+TQRyPDnT4wgXXbLGF4z9YAzwwTLi8pNLhGqcbSjgkA=="
    },
    "overlap": {
      "version": "2.2.10",
      "resolved": "https://registry.npmjs.org/overlap/-/overlap-2.2.10.tgz",
      "integrity": "sha512-LtHwP1Xny/vEmLo+5sHFYUu9xbOIlOwmy6wsMWPojsYtjDLgjtfLbWV6HTwgEx6FKryK7gPW9S2EmUDI9wjBQQ==",
      "requires": {
        "ansi-parser": "3.0.0",
        "cli-box": "5.0.0",
        "couleurs": "5.0.0"
      },
      "dependencies": {
        "ansi-parser": {
          "version": "3.0.0",
          "resolved": "https://registry.npmjs.org/ansi-parser/-/ansi-parser-3.0.0.tgz",
          "integrity": "sha512-edNYJqqmeQJ+N7YV6gWQ4xAumqctsOchnNVDZEHsMSVZcytGLwq9SbGDwm9Jg+XpPNdl6zSGgujFRqiu1PmFYg=="
        },
        "cli-box": {
          "version": "5.0.0",
          "resolved": "https://registry.npmjs.org/cli-box/-/cli-box-5.0.0.tgz",
          "integrity": "sha512-1ukDhxQ1nSgfupVOH2v6+meRlKLHjTaSdCPTFjUOtAjQvFsDEWeW08gySk8o5dr+biPosooNmfle28ighmTEPA==",
          "requires": {
            "ansi-parser": "3.0.0",
            "ul": "5.0.0"
          }
        },
        "couleurs": {
          "version": "5.0.0",
          "resolved": "https://registry.npmjs.org/couleurs/-/couleurs-5.0.0.tgz",
          "integrity": "sha512-B+loDDlwPNwI27lC2WLJX9EqDhYV97nkUq4in2mJVco3P53hDztcIu3kUhrqS4+eb6w7dL9WcXADkn7V2DQFOw==",
          "requires": {
            "flat-colors": "3.0.0",
            "typpy": "2.0.0",
            "x256": "0.0.2"
          }
        },
        "deffy": {
          "version": "2.0.0",
          "resolved": "https://registry.npmjs.org/deffy/-/deffy-2.0.0.tgz",
          "integrity": "sha512-Gcn10MX982lqx8XmJES2JvN8Im7h0lFwRanyQfkQG2wXko4SouD0pSGUlK6Do165Itfidhpssn6NqlRkKp/4ig==",
          "requires": {
            "typpy": "^2.0.0"
          }
        },
        "typpy": {
          "version": "2.0.0",
          "resolved": "https://registry.npmjs.org/typpy/-/typpy-2.0.0.tgz",
          "integrity": "sha512-IucehPujjCCGqmRNLfJwwDXRDleVfnt/dKMQhQWJv8q62dXb6TuJs3zscdtq1agk+po5E+WweZ9RS0VMuaXXfg=="
        },
        "ul": {
          "version": "5.0.0",
          "resolved": "https://registry.npmjs.org/ul/-/ul-5.0.0.tgz",
          "integrity": "sha512-/wMRf3ZchW/MHV8M0fWhxhUTeJAOgrxt6u/9snab4xuMTkCuHo7TH7nyMZxrsjNobAFC8UhCNwlwVVQdVbcf1w==",
          "requires": {
            "deffy": "2.0.0",
            "typpy": "2.0.0"
          }
        }
      }
    },
    "supports-color": {
      "version": "3.2.3",
      "resolved": "https://registry.npmjs.org/supports-color/-/supports-color-3.2.3.tgz",
      "integrity": "sha512-Jds2VIYDrlp5ui7t8abHN2bjAu4LV/q4N2KivFPpGH0lrka0BMq/33AmECUXlKPcHigkNaqfXRENFju+rlcy+A==",
      "requires": {
        "has-flag": "^1.0.0"
      }
    },
    "typpy": {
      "version": "2.3.13",
      "resolved": "https://registry.npmjs.org/typpy/-/typpy-2.3.13.tgz",
      "integrity": "sha512-vOxIcQz9sxHi+rT09SJ5aDgVgrPppQjwnnayTrMye1ODaU8gIZTDM19t9TxmEElbMihx2Nq/0/b/MtyKfayRqA==",
      "requires": {
        "function.name": "^1.0.3"
      }
    },
    "ul": {
      "version": "5.2.15",
      "resolved": "https://registry.npmjs.org/ul/-/ul-5.2.15.tgz",
      "integrity": "sha512-svLEUy8xSCip5IWnsRa0UOg+2zP0Wsj4qlbjTmX6GJSmvKMHADBuHOm1dpNkWqWPIGuVSqzUkV3Cris5JrlTRQ==",
      "requires": {
        "deffy": "^2.2.2",
        "typpy": "^2.3.4"
      }
    },
    "x256": {
      "version": "0.0.2",
      "resolved": "https://registry.npmjs.org/x256/-/x256-0.0.2.tgz",
      "integrity": "sha512-ZsIH+sheoF8YG9YG+QKEEIdtqpHRA9FYuD7MqhfyB1kayXU43RUNBFSxBEnF8ywSUxdg+8no4+bPr5qLbyxKgA=="
    }
  }
}
